version = 1
revision = 1
requires-python = ">=3.10"

[[package]]
name = "mqtt-endpoint"
version = "0.1.0"
source = { editable = "." }
dependencies = [
    { name = "paho-mqtt" },
    { name = "protobuf" },
]

[package.metadata]
requires-dist = [
    { name = "paho-mqtt", specifier = ">=2.1.0" },
    { name = "protobuf", specifier = "<=3.20" },
]

[[package]]
name = "paho-mqtt"
version = "2.1.0"
source = { registry = "https://pypi.org/simple" }
sdist = { url = "https://files.pythonhosted.org/packages/39/15/0a6214e76d4d32e7f663b109cf71fb22561c2be0f701d67f93950cd40542/paho_mqtt-2.1.0.tar.gz", hash = "sha256:12d6e7511d4137555a3f6ea167ae846af2c7357b10bc6fa4f7c3968fc1723834", size = 148848 }
wheels = [
    { url = "https://files.pythonhosted.org/packages/c4/cb/00451c3cf31790287768bb12c6bec834f5d292eaf3022afc88e14b8afc94/paho_mqtt-2.1.0-py3-none-any.whl", hash = "sha256:6db9ba9b34ed5bc6b6e3812718c7e06e2fd7444540df2455d2c51bd58808feee", size = 67219 },
]

[[package]]
name = "protobuf"
version = "3.20.0"
source = { registry = "https://pypi.org/simple" }
sdist = { url = "https://files.pythonhosted.org/packages/6d/3e/40c56d21154a1f3ababb69f675333d7fb70c8293f9ca42ea3e448327fc50/protobuf-3.20.0.tar.gz", hash = "sha256:71b2c3d1cd26ed1ec7c8196834143258b2ad7f444efff26fdc366c6f5e752702", size = 216509 }
wheels = [
    { url = "https://files.pythonhosted.org/packages/9c/33/ef7e1a21a4428e6e57820db4312a674c0dd1228be5ad57c0a776c425f9d1/protobuf-3.20.0-cp310-cp310-macosx_10_9_universal2.whl", hash = "sha256:9d0f3aca8ca51c8b5e204ab92bd8afdb2a8e3df46bd0ce0bd39065d79aabcaa4", size = 962269 },
    { url = "https://files.pythonhosted.org/packages/75/b6/a49a33779d1309236aded36234bac5560d0f605f75114e4398b30a786735/protobuf-3.20.0-cp310-cp310-manylinux2014_aarch64.whl", hash = "sha256:001c2160c03b6349c04de39cf1a58e342750da3632f6978a1634a3dcca1ec10e", size = 917927 },
    { url = "https://files.pythonhosted.org/packages/5c/a6/9a451d69492a695e2300643933590762aa4e5bbef2ae5f08f7d218ea6c3a/protobuf-3.20.0-cp310-cp310-manylinux_2_12_x86_64.manylinux2010_x86_64.whl", hash = "sha256:5b5860b790498f233cdc8d635a17fc08de62e59d4dcd8cdb6c6c0d38a31edf2b", size = 1050440 },
    { url = "https://files.pythonhosted.org/packages/e0/e3/6ea01d64c981b81e0f65b68ea3d022aa870f3fd4be6845f4d02c1f64cb86/protobuf-3.20.0-cp310-cp310-win32.whl", hash = "sha256:0b250c60256c8824219352dc2a228a6b49987e5bf94d3ffcf4c46585efcbd499", size = 779973 },
    { url = "https://files.pythonhosted.org/packages/10/fe/280a6ffbe14a1ac458b741591de43a9ae212a3fe088812ad03eb9a4b10ae/protobuf-3.20.0-cp310-cp310-win_amd64.whl", hash = "sha256:a1eebb6eb0653e594cb86cd8e536b9b083373fca9aba761ade6cd412d46fb2ab", size = 903844 },
    { url = "https://files.pythonhosted.org/packages/ae/80/9eaa62a2afcc5407a6b7d2652c208f073df3a5c83b5bff90bf99553fbcf2/protobuf-3.20.0-py2.py3-none-any.whl", hash = "sha256:4eda68bd9e2a4879385e6b1ea528c976f59cd9728382005cc54c28bcce8db983", size = 162127 },
]
